
Microsoft Visual Studio Solution File, Format Version 12.00
# Visual Studio Version 17
VisualStudioVersion = 17.13.35828.75
MinimumVisualStudioVersion = 10.0.40219.1
Project("{FAE04EC0-301F-11D3-BF4B-00C04F79EFBC}") = "01_TemelKonular", "01_TemelKonular\01_TemelKonular.csproj", "{76495EBE-BEA1-4BA8-A293-B1D056BAC7BA}"
EndProject
Project("{FAE04EC0-301F-11D3-BF4B-00C04F79EFBC}") = "02_Variables", "02_Variables\02_Variables.csproj", "{9BF11341-5EE0-4829-B1EC-F3B9EC5C5597}"
EndProject
Global
	GlobalSection(SolutionConfigurationPlatforms) = preSolution
		Debug|Any CPU = Debug|Any CPU
		Release|Any CPU = Release|Any CPU
	EndGlobalSection
	GlobalSection(ProjectConfigurationPlatforms) = postSolution
		{76495EBE-BEA1-4BA8-A293-B1D056BAC7BA}.Debug|Any CPU.ActiveCfg = Debug|Any CPU
		{76495EBE-BEA1-4BA8-A293-B1D056BAC7BA}.Debug|Any CPU.Build.0 = Debug|Any CPU
		{76495EBE-BEA1-4BA8-A293-B1D056BAC7BA}.Release|Any CPU.ActiveCfg = Release|Any CPU
		{76495EBE-BEA1-4BA8-A293-B1D056BAC7BA}.Release|Any CPU.Build.0 = Release|Any CPU
		{9BF11341-5EE0-4829-B1EC-F3B9EC5C5597}.Debug|Any CPU.ActiveCfg = Debug|Any CPU
		{9BF11341-5EE0-4829-B1EC-F3B9EC5C5597}.Debug|Any CPU.Build.0 = Debug|Any CPU
		{9BF11341-5EE0-4829-B1EC-F3B9EC5C5597}.Release|Any CPU.ActiveCfg = Release|Any CPU
		{9BF11341-5EE0-4829-B1EC-F3B9EC5C5597}.Release|Any CPU.Build.0 = Release|Any CPU
	EndGlobalSection
	GlobalSection(SolutionProperties) = preSolution
		HideSolutionNode = FALSE
	EndGlobalSection
	GlobalSection(ExtensibilityGlobals) = postSolution
		SolutionGuid = {1E604BD6-CA80-4F79-A529-6DA8ECF0BC02}
	EndGlobalSection
EndGlobal
